
Microsoft Visual Studio Solution File, Format Version 12.00
# Visual Studio Version 17
VisualStudioVersion = 17.0.31903.59
MinimumVisualStudioVersion = 10.0.40219.1
Project("{FAE04EC0-301F-11D3-BF4B-00C04F79EFBC}") = "BankApp", "BankApp\BankApp.csproj", "{9938A946-8C09-4CBD-88C4-01FF6EB0230E}"
EndProject
Project("{FAE04EC0-301F-11D3-BF4B-00C04F79EFBC}") = "Banking", "Banking\Banking.csproj", "{6720AF07-6094-40FF-98E8-17B9740D920D}"
EndProject
Global
	GlobalSection(SolutionConfigurationPlatforms) = preSolution
		Debug|Any CPU = Debug|Any CPU
		Release|Any CPU = Release|Any CPU
	EndGlobalSection
	GlobalSection(SolutionProperties) = preSolution
		HideSolutionNode = FALSE
	EndGlobalSection
	GlobalSection(ProjectConfigurationPlatforms) = postSolution
		{9938A946-8C09-4CBD-88C4-01FF6EB0230E}.Debug|Any CPU.ActiveCfg = Debug|Any CPU
		{9938A946-8C09-4CBD-88C4-01FF6EB0230E}.Debug|Any CPU.Build.0 = Debug|Any CPU
		{9938A946-8C09-4CBD-88C4-01FF6EB0230E}.Release|Any CPU.ActiveCfg = Release|Any CPU
		{9938A946-8C09-4CBD-88C4-01FF6EB0230E}.Release|Any CPU.Build.0 = Release|Any CPU
		{6720AF07-6094-40FF-98E8-17B9740D920D}.Debug|Any CPU.ActiveCfg = Debug|Any CPU
		{6720AF07-6094-40FF-98E8-17B9740D920D}.Debug|Any CPU.Build.0 = Debug|Any CPU
		{6720AF07-6094-40FF-98E8-17B9740D920D}.Release|Any CPU.ActiveCfg = Release|Any CPU
		{6720AF07-6094-40FF-98E8-17B9740D920D}.Release|Any CPU.Build.0 = Release|Any CPU
	EndGlobalSection
EndGlobal
